
Microsoft Visual Studio Solution File, Format Version 12.00
# Visual Studio 15
Project("{FAE04EC0-301F-11D3-BF4B-00C04F79EFBC}") = "graphQLDotNetCore", "graphQLDotNetCore\graphQLDotNetCore.csproj", "{695F0578-5DD3-49AB-A241-08FE4602EB36}"
EndProject
Project("{E53339B2-1760-4266-BCC7-CA923CBCF16C}") = "docker-compose", "docker-compose.dcproj", "{DE170DB3-BDA5-41C8-AEFE-13EE036ABF1E}"
EndProject
Global
	GlobalSection(SolutionConfigurationPlatforms) = preSolution
		Debug|Any CPU = Debug|Any CPU
		Release|Any CPU = Release|Any CPU
	EndGlobalSection
	GlobalSection(ProjectConfigurationPlatforms) = postSolution
		{695F0578-5DD3-49AB-A241-08FE4602EB36}.Debug|Any CPU.ActiveCfg = Debug|Any CPU
		{695F0578-5DD3-49AB-A241-08FE4602EB36}.Debug|Any CPU.Build.0 = Debug|Any CPU
		{695F0578-5DD3-49AB-A241-08FE4602EB36}.Release|Any CPU.ActiveCfg = Release|Any CPU
		{695F0578-5DD3-49AB-A241-08FE4602EB36}.Release|Any CPU.Build.0 = Release|Any CPU
		{DE170DB3-BDA5-41C8-AEFE-13EE036ABF1E}.Debug|Any CPU.ActiveCfg = Debug|Any CPU
		{DE170DB3-BDA5-41C8-AEFE-13EE036ABF1E}.Debug|Any CPU.Build.0 = Debug|Any CPU
		{DE170DB3-BDA5-41C8-AEFE-13EE036ABF1E}.Release|Any CPU.ActiveCfg = Release|Any CPU
		{DE170DB3-BDA5-41C8-AEFE-13EE036ABF1E}.Release|Any CPU.Build.0 = Release|Any CPU
	EndGlobalSection
EndGlobal
